<?xml version="1.0" encoding="utf-8"?>
<Project ToolsVersion="4.0" xmlns="http://schemas.microsoft.com/developer/msbuild/2003">
  <ItemGroup>
    <ClCompile Include="MT.cpp" />
    <ClCompile Include="SpinLock.cpp" />
    <ClCompile Include="Examples.cpp" />
    <ClCompile Include="Monitor.cpp" />
  </ItemGroup>
  <ItemGroup>
    <ClInclude Include="Examples.h" />
    <ClInclude Include="Monitor.h" />
  </ItemGroup>
</Project>