<?xml version="1.0" encoding="utf-8"?>
<Project ToolsVersion="4.0" xmlns="http://schemas.microsoft.com/developer/msbuild/2003">
  <ItemGroup>
    <ClCompile Include="Cpp.cpp" />
    <ClCompile Include="CppStarter.cpp" />
    <ClCompile Include="Complex.cpp" />
    <ClCompile Include="NumberPlay.cpp" />
    <ClCompile Include="Template.cpp" />
  </ItemGroup>
  <ItemGroup>
    <ClInclude Include="Cpp.h" />
    <ClInclude Include="Complex.h" />
    <ClInclude Include="NumberPlay.h" />
    <ClInclude Include="Template.h" />
  </ItemGroup>
</Project>